
Microsoft Visual Studio Solution File, Format Version 12.00
# Visual Studio Version 17
VisualStudioVersion = 17.5.33424.131
MinimumVisualStudioVersion = 10.0.40219.1
Project("{2150E333-8FDC-42A3-9474-1A3956D46DE8}") = "Platforms", "Platforms", "{B8C26C77-F701-4715-95DE-0AB3BA5D3622}"
EndProject
Project("{FAE04EC0-301F-11D3-BF4B-00C04F79EFBC}") = "AppTests", "AppTests\AppTests.csproj", "{1208BE78-0387-4CC1-81BF-22EC59A0782C}"
EndProject
Project("{FAE04EC0-301F-11D3-BF4B-00C04F79EFBC}") = "AppTests.Wasm", "AppTests.Wasm\AppTests.Wasm.csproj", "{E4CFBE71-610D-4576-B805-D7725138201D}"
EndProject
Project("{FAE04EC0-301F-11D3-BF4B-00C04F79EFBC}") = "AppTests.Server", "AppTests.Server\AppTests.Server.csproj", "{86963B9B-B099-4C42-817E-08771D729178}"
EndProject
Project("{FAE04EC0-301F-11D3-BF4B-00C04F79EFBC}") = "AppTests.Mobile", "AppTests.Mobile\AppTests.Mobile.csproj", "{AD715E53-D962-4C2C-BF10-F84A178B01DA}"
EndProject
Project("{FAE04EC0-301F-11D3-BF4B-00C04F79EFBC}") = "AppTests.Skia.Gtk", "AppTests.Skia.Gtk\AppTests.Skia.Gtk.csproj", "{406225FE-4810-4AC2-B41A-A02933DD689C}"
EndProject
Project("{FAE04EC0-301F-11D3-BF4B-00C04F79EFBC}") = "AppTests.Skia.Linux.FrameBuffer", "AppTests.Skia.Linux.FrameBuffer\AppTests.Skia.Linux.FrameBuffer.csproj", "{DC98C6FD-321E-4D71-81F6-E4F2BA461E94}"
EndProject
Project("{FAE04EC0-301F-11D3-BF4B-00C04F79EFBC}") = "AppTests.Windows", "AppTests.Windows\AppTests.Windows.csproj", "{3B674CC2-8C9B-40E7-A252-860ED7F07553}"
EndProject
Project("{FAE04EC0-301F-11D3-BF4B-00C04F79EFBC}") = "AppTests.Skia.Wpf", "AppTests.Skia.Wpf\AppTests.Skia.Wpf.csproj", "{5F2658E8-AE03-49BF-AFFF-0F9C3B196420}"
EndProject
Global
	GlobalSection(SolutionConfigurationPlatforms) = preSolution
		Debug|Any CPU = Debug|Any CPU
		Debug|arm64 = Debug|arm64
		Debug|x64 = Debug|x64
		Debug|x86 = Debug|x86
		Release|Any CPU = Release|Any CPU
		Release|arm64 = Release|arm64
		Release|x64 = Release|x64
		Release|x86 = Release|x86
	EndGlobalSection
	GlobalSection(ProjectConfigurationPlatforms) = postSolution
		{1208BE78-0387-4CC1-81BF-22EC59A0782C}.Debug|Any CPU.ActiveCfg = Debug|Any CPU
		{1208BE78-0387-4CC1-81BF-22EC59A0782C}.Debug|Any CPU.Build.0 = Debug|Any CPU
		{1208BE78-0387-4CC1-81BF-22EC59A0782C}.Debug|arm64.ActiveCfg = Debug|Any CPU
		{1208BE78-0387-4CC1-81BF-22EC59A0782C}.Debug|arm64.Build.0 = Debug|Any CPU
		{1208BE78-0387-4CC1-81BF-22EC59A0782C}.Debug|x64.ActiveCfg = Debug|Any CPU
		{1208BE78-0387-4CC1-81BF-22EC59A0782C}.Debug|x64.Build.0 = Debug|Any CPU
		{1208BE78-0387-4CC1-81BF-22EC59A0782C}.Debug|x86.ActiveCfg = Debug|Any CPU
		{1208BE78-0387-4CC1-81BF-22EC59A0782C}.Debug|x86.Build.0 = Debug|Any CPU
		{1208BE78-0387-4CC1-81BF-22EC59A0782C}.Release|Any CPU.ActiveCfg = Release|Any CPU
		{1208BE78-0387-4CC1-81BF-22EC59A0782C}.Release|Any CPU.Build.0 = Release|Any CPU
		{1208BE78-0387-4CC1-81BF-22EC59A0782C}.Release|arm64.ActiveCfg = Release|Any CPU
		{1208BE78-0387-4CC1-81BF-22EC59A0782C}.Release|arm64.Build.0 = Release|Any CPU
		{1208BE78-0387-4CC1-81BF-22EC59A0782C}.Release|x64.ActiveCfg = Release|Any CPU
		{1208BE78-0387-4CC1-81BF-22EC59A0782C}.Release|x64.Build.0 = Release|Any CPU
		{1208BE78-0387-4CC1-81BF-22EC59A0782C}.Release|x86.ActiveCfg = Release|Any CPU
		{1208BE78-0387-4CC1-81BF-22EC59A0782C}.Release|x86.Build.0 = Release|Any CPU
		{E4CFBE71-610D-4576-B805-D7725138201D}.Debug|Any CPU.ActiveCfg = Debug|Any CPU
		{E4CFBE71-610D-4576-B805-D7725138201D}.Debug|Any CPU.Build.0 = Debug|Any CPU
		{E4CFBE71-610D-4576-B805-D7725138201D}.Debug|arm64.ActiveCfg = Debug|Any CPU
		{E4CFBE71-610D-4576-B805-D7725138201D}.Debug|arm64.Build.0 = Debug|Any CPU
		{E4CFBE71-610D-4576-B805-D7725138201D}.Debug|x64.ActiveCfg = Debug|Any CPU
		{E4CFBE71-610D-4576-B805-D7725138201D}.Debug|x64.Build.0 = Debug|Any CPU
		{E4CFBE71-610D-4576-B805-D7725138201D}.Debug|x86.ActiveCfg = Debug|Any CPU
		{E4CFBE71-610D-4576-B805-D7725138201D}.Debug|x86.Build.0 = Debug|Any CPU
		{E4CFBE71-610D-4576-B805-D7725138201D}.Release|Any CPU.ActiveCfg = Release|Any CPU
		{E4CFBE71-610D-4576-B805-D7725138201D}.Release|Any CPU.Build.0 = Release|Any CPU
		{E4CFBE71-610D-4576-B805-D7725138201D}.Release|arm64.ActiveCfg = Release|Any CPU
		{E4CFBE71-610D-4576-B805-D7725138201D}.Release|arm64.Build.0 = Release|Any CPU
		{E4CFBE71-610D-4576-B805-D7725138201D}.Release|x64.ActiveCfg = Release|Any CPU
		{E4CFBE71-610D-4576-B805-D7725138201D}.Release|x64.Build.0 = Release|Any CPU
		{E4CFBE71-610D-4576-B805-D7725138201D}.Release|x86.ActiveCfg = Release|Any CPU
		{E4CFBE71-610D-4576-B805-D7725138201D}.Release|x86.Build.0 = Release|Any CPU
		{86963B9B-B099-4C42-817E-08771D729178}.Debug|Any CPU.ActiveCfg = Debug|Any CPU
		{86963B9B-B099-4C42-817E-08771D729178}.Debug|Any CPU.Build.0 = Debug|Any CPU
		{86963B9B-B099-4C42-817E-08771D729178}.Debug|arm64.ActiveCfg = Debug|Any CPU
		{86963B9B-B099-4C42-817E-08771D729178}.Debug|arm64.Build.0 = Debug|Any CPU
		{86963B9B-B099-4C42-817E-08771D729178}.Debug|x64.ActiveCfg = Debug|Any CPU
		{86963B9B-B099-4C42-817E-08771D729178}.Debug|x64.Build.0 = Debug|Any CPU
		{86963B9B-B099-4C42-817E-08771D729178}.Debug|x86.ActiveCfg = Debug|Any CPU
		{86963B9B-B099-4C42-817E-08771D729178}.Debug|x86.Build.0 = Debug|Any CPU
		{86963B9B-B099-4C42-817E-08771D729178}.Release|Any CPU.ActiveCfg = Release|Any CPU
		{86963B9B-B099-4C42-817E-08771D729178}.Release|Any CPU.Build.0 = Release|Any CPU
		{86963B9B-B099-4C42-817E-08771D729178}.Release|arm64.ActiveCfg = Release|Any CPU
		{86963B9B-B099-4C42-817E-08771D729178}.Release|arm64.Build.0 = Release|Any CPU
		{86963B9B-B099-4C42-817E-08771D729178}.Release|x64.ActiveCfg = Release|Any CPU
		{86963B9B-B099-4C42-817E-08771D729178}.Release|x64.Build.0 = Release|Any CPU
		{86963B9B-B099-4C42-817E-08771D729178}.Release|x86.ActiveCfg = Release|Any CPU
		{86963B9B-B099-4C42-817E-08771D729178}.Release|x86.Build.0 = Release|Any CPU
		{AD715E53-D962-4C2C-BF10-F84A178B01DA}.Debug|Any CPU.ActiveCfg = Debug|Any CPU
		{AD715E53-D962-4C2C-BF10-F84A178B01DA}.Debug|Any CPU.Build.0 = Debug|Any CPU
		{AD715E53-D962-4C2C-BF10-F84A178B01DA}.Debug|Any CPU.Deploy.0 = Debug|Any CPU
		{AD715E53-D962-4C2C-BF10-F84A178B01DA}.Debug|arm64.ActiveCfg = Debug|Any CPU
		{AD715E53-D962-4C2C-BF10-F84A178B01DA}.Debug|arm64.Build.0 = Debug|Any CPU
		{AD715E53-D962-4C2C-BF10-F84A178B01DA}.Debug|arm64.Deploy.0 = Debug|Any CPU
		{AD715E53-D962-4C2C-BF10-F84A178B01DA}.Debug|x64.ActiveCfg = Debug|Any CPU
		{AD715E53-D962-4C2C-BF10-F84A178B01DA}.Debug|x64.Build.0 = Debug|Any CPU
		{AD715E53-D962-4C2C-BF10-F84A178B01DA}.Debug|x64.Deploy.0 = Debug|Any CPU
		{AD715E53-D962-4C2C-BF10-F84A178B01DA}.Debug|x86.ActiveCfg = Debug|Any CPU
		{AD715E53-D962-4C2C-BF10-F84A178B01DA}.Debug|x86.Build.0 = Debug|Any CPU
		{AD715E53-D962-4C2C-BF10-F84A178B01DA}.Debug|x86.Deploy.0 = Debug|Any CPU
		{AD715E53-D962-4C2C-BF10-F84A178B01DA}.Release|Any CPU.ActiveCfg = Release|Any CPU
		{AD715E53-D962-4C2C-BF10-F84A178B01DA}.Release|Any CPU.Build.0 = Release|Any CPU
		{AD715E53-D962-4C2C-BF10-F84A178B01DA}.Release|Any CPU.Deploy.0 = Release|Any CPU
		{AD715E53-D962-4C2C-BF10-F84A178B01DA}.Release|arm64.ActiveCfg = Release|Any CPU
		{AD715E53-D962-4C2C-BF10-F84A178B01DA}.Release|arm64.Build.0 = Release|Any CPU
		{AD715E53-D962-4C2C-BF10-F84A178B01DA}.Release|arm64.Deploy.0 = Release|Any CPU
		{AD715E53-D962-4C2C-BF10-F84A178B01DA}.Release|x64.ActiveCfg = Release|Any CPU
		{AD715E53-D962-4C2C-BF10-F84A178B01DA}.Release|x64.Build.0 = Release|Any CPU
		{AD715E53-D962-4C2C-BF10-F84A178B01DA}.Release|x64.Deploy.0 = Release|Any CPU
		{AD715E53-D962-4C2C-BF10-F84A178B01DA}.Release|x86.ActiveCfg = Release|Any CPU
		{AD715E53-D962-4C2C-BF10-F84A178B01DA}.Release|x86.Build.0 = Release|Any CPU
		{AD715E53-D962-4C2C-BF10-F84A178B01DA}.Release|x86.Deploy.0 = Release|Any CPU
		{406225FE-4810-4AC2-B41A-A02933DD689C}.Debug|Any CPU.ActiveCfg = Debug|Any CPU
		{406225FE-4810-4AC2-B41A-A02933DD689C}.Debug|Any CPU.Build.0 = Debug|Any CPU
		{406225FE-4810-4AC2-B41A-A02933DD689C}.Debug|arm64.ActiveCfg = Debug|Any CPU
		{406225FE-4810-4AC2-B41A-A02933DD689C}.Debug|arm64.Build.0 = Debug|Any CPU
		{406225FE-4810-4AC2-B41A-A02933DD689C}.Debug|x64.ActiveCfg = Debug|Any CPU
		{406225FE-4810-4AC2-B41A-A02933DD689C}.Debug|x64.Build.0 = Debug|Any CPU
		{406225FE-4810-4AC2-B41A-A02933DD689C}.Debug|x86.ActiveCfg = Debug|Any CPU
		{406225FE-4810-4AC2-B41A-A02933DD689C}.Debug|x86.Build.0 = Debug|Any CPU
		{406225FE-4810-4AC2-B41A-A02933DD689C}.Release|Any CPU.ActiveCfg = Release|Any CPU
		{406225FE-4810-4AC2-B41A-A02933DD689C}.Release|Any CPU.Build.0 = Release|Any CPU
		{406225FE-4810-4AC2-B41A-A02933DD689C}.Release|arm64.ActiveCfg = Release|Any CPU
		{406225FE-4810-4AC2-B41A-A02933DD689C}.Release|arm64.Build.0 = Release|Any CPU
		{406225FE-4810-4AC2-B41A-A02933DD689C}.Release|x64.ActiveCfg = Release|Any CPU
		{406225FE-4810-4AC2-B41A-A02933DD689C}.Release|x64.Build.0 = Release|Any CPU
		{406225FE-4810-4AC2-B41A-A02933DD689C}.Release|x86.ActiveCfg = Release|Any CPU
		{406225FE-4810-4AC2-B41A-A02933DD689C}.Release|x86.Build.0 = Release|Any CPU
		{DC98C6FD-321E-4D71-81F6-E4F2BA461E94}.Debug|Any CPU.ActiveCfg = Debug|Any CPU
		{DC98C6FD-321E-4D71-81F6-E4F2BA461E94}.Debug|Any CPU.Build.0 = Debug|Any CPU
		{DC98C6FD-321E-4D71-81F6-E4F2BA461E94}.Debug|arm64.ActiveCfg = Debug|Any CPU
		{DC98C6FD-321E-4D71-81F6-E4F2BA461E94}.Debug|arm64.Build.0 = Debug|Any CPU
		{DC98C6FD-321E-4D71-81F6-E4F2BA461E94}.Debug|x64.ActiveCfg = Debug|Any CPU
		{DC98C6FD-321E-4D71-81F6-E4F2BA461E94}.Debug|x64.Build.0 = Debug|Any CPU
		{DC98C6FD-321E-4D71-81F6-E4F2BA461E94}.Debug|x86.ActiveCfg = Debug|Any CPU
		{DC98C6FD-321E-4D71-81F6-E4F2BA461E94}.Debug|x86.Build.0 = Debug|Any CPU
		{DC98C6FD-321E-4D71-81F6-E4F2BA461E94}.Release|Any CPU.ActiveCfg = Release|Any CPU
		{DC98C6FD-321E-4D71-81F6-E4F2BA461E94}.Release|Any CPU.Build.0 = Release|Any CPU
		{DC98C6FD-321E-4D71-81F6-E4F2BA461E94}.Release|arm64.ActiveCfg = Release|Any CPU
		{DC98C6FD-321E-4D71-81F6-E4F2BA461E94}.Release|arm64.Build.0 = Release|Any CPU
		{DC98C6FD-321E-4D71-81F6-E4F2BA461E94}.Release|x64.ActiveCfg = Release|Any CPU
		{DC98C6FD-321E-4D71-81F6-E4F2BA461E94}.Release|x64.Build.0 = Release|Any CPU
		{DC98C6FD-321E-4D71-81F6-E4F2BA461E94}.Release|x86.ActiveCfg = Release|Any CPU
		{DC98C6FD-321E-4D71-81F6-E4F2BA461E94}.Release|x86.Build.0 = Release|Any CPU
		{3B674CC2-8C9B-40E7-A252-860ED7F07553}.Debug|Any CPU.ActiveCfg = Debug|x64
		{3B674CC2-8C9B-40E7-A252-860ED7F07553}.Debug|Any CPU.Build.0 = Debug|x64
		{3B674CC2-8C9B-40E7-A252-860ED7F07553}.Debug|Any CPU.Deploy.0 = Debug|x64
		{3B674CC2-8C9B-40E7-A252-860ED7F07553}.Debug|arm64.ActiveCfg = Debug|arm64
		{3B674CC2-8C9B-40E7-A252-860ED7F07553}.Debug|arm64.Build.0 = Debug|arm64
		{3B674CC2-8C9B-40E7-A252-860ED7F07553}.Debug|arm64.Deploy.0 = Debug|arm64
		{3B674CC2-8C9B-40E7-A252-860ED7F07553}.Debug|x64.ActiveCfg = Debug|x64
		{3B674CC2-8C9B-40E7-A252-860ED7F07553}.Debug|x64.Build.0 = Debug|x64
		{3B674CC2-8C9B-40E7-A252-860ED7F07553}.Debug|x64.Deploy.0 = Debug|x64
		{3B674CC2-8C9B-40E7-A252-860ED7F07553}.Debug|x86.ActiveCfg = Debug|x86
		{3B674CC2-8C9B-40E7-A252-860ED7F07553}.Debug|x86.Build.0 = Debug|x86
		{3B674CC2-8C9B-40E7-A252-860ED7F07553}.Debug|x86.Deploy.0 = Debug|x86
		{3B674CC2-8C9B-40E7-A252-860ED7F07553}.Release|Any CPU.ActiveCfg = Release|x64
		{3B674CC2-8C9B-40E7-A252-860ED7F07553}.Release|Any CPU.Build.0 = Release|x64
		{3B674CC2-8C9B-40E7-A252-860ED7F07553}.Release|Any CPU.Deploy.0 = Release|x64
		{3B674CC2-8C9B-40E7-A252-860ED7F07553}.Release|arm64.ActiveCfg = Release|arm64
		{3B674CC2-8C9B-40E7-A252-860ED7F07553}.Release|arm64.Build.0 = Release|arm64
		{3B674CC2-8C9B-40E7-A252-860ED7F07553}.Release|arm64.Deploy.0 = Release|arm64
		{3B674CC2-8C9B-40E7-A252-860ED7F07553}.Release|x64.ActiveCfg = Release|x64
		{3B674CC2-8C9B-40E7-A252-860ED7F07553}.Release|x64.Build.0 = Release|x64
		{3B674CC2-8C9B-40E7-A252-860ED7F07553}.Release|x64.Deploy.0 = Release|x64
		{3B674CC2-8C9B-40E7-A252-860ED7F07553}.Release|x86.ActiveCfg = Release|x86
		{3B674CC2-8C9B-40E7-A252-860ED7F07553}.Release|x86.Build.0 = Release|x86
		{3B674CC2-8C9B-40E7-A252-860ED7F07553}.Release|x86.Deploy.0 = Release|x86
		{5F2658E8-AE03-49BF-AFFF-0F9C3B196420}.Debug|Any CPU.ActiveCfg = Debug|Any CPU
		{5F2658E8-AE03-49BF-AFFF-0F9C3B196420}.Debug|Any CPU.Build.0 = Debug|Any CPU
		{5F2658E8-AE03-49BF-AFFF-0F9C3B196420}.Debug|arm64.ActiveCfg = Debug|Any CPU
		{5F2658E8-AE03-49BF-AFFF-0F9C3B196420}.Debug|arm64.Build.0 = Debug|Any CPU
		{5F2658E8-AE03-49BF-AFFF-0F9C3B196420}.Debug|x64.ActiveCfg = Debug|Any CPU
		{5F2658E8-AE03-49BF-AFFF-0F9C3B196420}.Debug|x64.Build.0 = Debug|Any CPU
		{5F2658E8-AE03-49BF-AFFF-0F9C3B196420}.Debug|x86.ActiveCfg = Debug|Any CPU
		{5F2658E8-AE03-49BF-AFFF-0F9C3B196420}.Debug|x86.Build.0 = Debug|Any CPU
		{5F2658E8-AE03-49BF-AFFF-0F9C3B196420}.Release|Any CPU.ActiveCfg = Release|Any CPU
		{5F2658E8-AE03-49BF-AFFF-0F9C3B196420}.Release|Any CPU.Build.0 = Release|Any CPU
		{5F2658E8-AE03-49BF-AFFF-0F9C3B196420}.Release|arm64.ActiveCfg = Release|Any CPU
		{5F2658E8-AE03-49BF-AFFF-0F9C3B196420}.Release|arm64.Build.0 = Release|Any CPU
		{5F2658E8-AE03-49BF-AFFF-0F9C3B196420}.Release|x64.ActiveCfg = Release|Any CPU
		{5F2658E8-AE03-49BF-AFFF-0F9C3B196420}.Release|x64.Build.0 = Release|Any CPU
		{5F2658E8-AE03-49BF-AFFF-0F9C3B196420}.Release|x86.ActiveCfg = Release|Any CPU
		{5F2658E8-AE03-49BF-AFFF-0F9C3B196420}.Release|x86.Build.0 = Release|Any CPU
	EndGlobalSection
	GlobalSection(SolutionProperties) = preSolution
		HideSolutionNode = FALSE
	EndGlobalSection
	GlobalSection(NestedProjects) = preSolution
		{E4CFBE71-610D-4576-B805-D7725138201D} = {B8C26C77-F701-4715-95DE-0AB3BA5D3622}
		{86963B9B-B099-4C42-817E-08771D729178} = {B8C26C77-F701-4715-95DE-0AB3BA5D3622}
		{AD715E53-D962-4C2C-BF10-F84A178B01DA} = {B8C26C77-F701-4715-95DE-0AB3BA5D3622}
		{406225FE-4810-4AC2-B41A-A02933DD689C} = {B8C26C77-F701-4715-95DE-0AB3BA5D3622}
		{DC98C6FD-321E-4D71-81F6-E4F2BA461E94} = {B8C26C77-F701-4715-95DE-0AB3BA5D3622}
		{3B674CC2-8C9B-40E7-A252-860ED7F07553} = {B8C26C77-F701-4715-95DE-0AB3BA5D3622}
		{5F2658E8-AE03-49BF-AFFF-0F9C3B196420} = {B8C26C77-F701-4715-95DE-0AB3BA5D3622}
	EndGlobalSection
	GlobalSection(ExtensibilityGlobals) = postSolution
		SolutionGuid = {C5D7E2F7-B78F-4C14-9F8C-B8AADD1CFCF4}
	EndGlobalSection
EndGlobal
